
Microsoft Visual Studio Solution File, Format Version 12.00
# Visual Studio Version 17
VisualStudioVersion = 17.7.34202.233
MinimumVisualStudioVersion = 10.0.40219.1
Project("{FAE04EC0-301F-11D3-BF4B-00C04F79EFBC}") = "bolu", "bolu.csproj", "{983D4F7F-F6E9-4F83-9A95-D67B187F6AD8}"
EndProject
Global
	GlobalSection(SolutionConfigurationPlatforms) = preSolution
		Debug|Any CPU = Debug|Any CPU
		Release|Any CPU = Release|Any CPU
	EndGlobalSection
	GlobalSection(ProjectConfigurationPlatforms) = postSolution
		{983D4F7F-F6E9-4F83-9A95-D67B187F6AD8}.Debug|Any CPU.ActiveCfg = Debug|Any CPU
		{983D4F7F-F6E9-4F83-9A95-D67B187F6AD8}.Debug|Any CPU.Build.0 = Debug|Any CPU
		{983D4F7F-F6E9-4F83-9A95-D67B187F6AD8}.Release|Any CPU.ActiveCfg = Release|Any CPU
		{983D4F7F-F6E9-4F83-9A95-D67B187F6AD8}.Release|Any CPU.Build.0 = Release|Any CPU
	EndGlobalSection
	GlobalSection(SolutionProperties) = preSolution
		HideSolutionNode = FALSE
	EndGlobalSection
	GlobalSection(ExtensibilityGlobals) = postSolution
		SolutionGuid = {707B3B52-2615-4F37-BEE1-0805170E7297}
	EndGlobalSection
EndGlobal
